
Microsoft Visual Studio Solution File, Format Version 12.00
# Visual Studio Version 16
VisualStudioVersion = 16.0.30523.141
MinimumVisualStudioVersion = 10.0.40219.1
Project("{FAE04EC0-301F-11D3-BF4B-00C04F79EFBC}") = "IntermediatesRemoverCli", "IntermediatesRemoverCli\IntermediatesRemoverCli.csproj", "{B78310D3-3C12-435F-A058-F8132293FFE5}"
EndProject
Global
	GlobalSection(SolutionConfigurationPlatforms) = preSolution
		Debug|Any CPU = Debug|Any CPU
		Release|Any CPU = Release|Any CPU
	EndGlobalSection
	GlobalSection(ProjectConfigurationPlatforms) = postSolution
		{B78310D3-3C12-435F-A058-F8132293FFE5}.Debug|Any CPU.ActiveCfg = Debug|Any CPU
		{B78310D3-3C12-435F-A058-F8132293FFE5}.Debug|Any CPU.Build.0 = Debug|Any CPU
		{B78310D3-3C12-435F-A058-F8132293FFE5}.Release|Any CPU.ActiveCfg = Release|Any CPU
		{B78310D3-3C12-435F-A058-F8132293FFE5}.Release|Any CPU.Build.0 = Release|Any CPU
	EndGlobalSection
	GlobalSection(SolutionProperties) = preSolution
		HideSolutionNode = FALSE
	EndGlobalSection
	GlobalSection(ExtensibilityGlobals) = postSolution
		SolutionGuid = {D0AC9B40-77AE-4376-BF2D-11E4219A8D42}
	EndGlobalSection
EndGlobal
