
Microsoft Visual Studio Solution File, Format Version 12.00
# Visual Studio Version 16
VisualStudioVersion = 16.0.30523.141
MinimumVisualStudioVersion = 10.0.40219.1
Project("{FAE04EC0-301F-11D3-BF4B-00C04F79EFBC}") = "IntermediatesRemoverCli", "IntermediatesRemoverCli\IntermediatesRemoverCli.csproj", "{B78310D3-3C12-435F-A058-F8132293FFE5}"
EndProject
Project("{FAE04EC0-301F-11D3-BF4B-00C04F79EFBC}") = "IntermediatesRemoverCommon", "IntermediatesRemoverCommon\IntermediatesRemoverCommon.csproj", "{95BFADB1-E955-4928-A653-3F01A7FFD568}"
EndProject
Project("{FAE04EC0-301F-11D3-BF4B-00C04F79EFBC}") = "IntermediatesRemoverCommon.Tests", "IntermediatesRemoverCommon.Tests\IntermediatesRemoverCommon.Tests.csproj", "{6819573A-D6C4-4278-97CF-6B3E564CD10F}"
EndProject
Project("{2150E333-8FDC-42A3-9474-1A3956D46DE8}") = "Solution Items", "Solution Items", "{A30443F2-6602-4FF1-90B5-3FC559D6FE48}"
	ProjectSection(SolutionItems) = preProject
		IntermediatesRemover.ruleset = IntermediatesRemover.ruleset
	EndProjectSection
EndProject
Global
	GlobalSection(SolutionConfigurationPlatforms) = preSolution
		Debug|Any CPU = Debug|Any CPU
		Release|Any CPU = Release|Any CPU
	EndGlobalSection
	GlobalSection(ProjectConfigurationPlatforms) = postSolution
		{B78310D3-3C12-435F-A058-F8132293FFE5}.Debug|Any CPU.ActiveCfg = Debug|Any CPU
		{B78310D3-3C12-435F-A058-F8132293FFE5}.Debug|Any CPU.Build.0 = Debug|Any CPU
		{B78310D3-3C12-435F-A058-F8132293FFE5}.Release|Any CPU.ActiveCfg = Release|Any CPU
		{B78310D3-3C12-435F-A058-F8132293FFE5}.Release|Any CPU.Build.0 = Release|Any CPU
		{95BFADB1-E955-4928-A653-3F01A7FFD568}.Debug|Any CPU.ActiveCfg = Debug|Any CPU
		{95BFADB1-E955-4928-A653-3F01A7FFD568}.Debug|Any CPU.Build.0 = Debug|Any CPU
		{95BFADB1-E955-4928-A653-3F01A7FFD568}.Release|Any CPU.ActiveCfg = Release|Any CPU
		{95BFADB1-E955-4928-A653-3F01A7FFD568}.Release|Any CPU.Build.0 = Release|Any CPU
		{6819573A-D6C4-4278-97CF-6B3E564CD10F}.Debug|Any CPU.ActiveCfg = Debug|Any CPU
		{6819573A-D6C4-4278-97CF-6B3E564CD10F}.Debug|Any CPU.Build.0 = Debug|Any CPU
		{6819573A-D6C4-4278-97CF-6B3E564CD10F}.Release|Any CPU.ActiveCfg = Release|Any CPU
		{6819573A-D6C4-4278-97CF-6B3E564CD10F}.Release|Any CPU.Build.0 = Release|Any CPU
	EndGlobalSection
	GlobalSection(SolutionProperties) = preSolution
		HideSolutionNode = FALSE
	EndGlobalSection
	GlobalSection(ExtensibilityGlobals) = postSolution
		SolutionGuid = {D0AC9B40-77AE-4376-BF2D-11E4219A8D42}
	EndGlobalSection
EndGlobal
